{
  "name": "whenmusic-poc",
  "version": "0.0.0",
  "lockfileVersion": 3,
  "requires": true,
  "packages": {
    "": {
      "name": "whenmusic-poc",
      "version": "0.0.0",
      "dependencies": {
        "@coooookies/windows-smtc-monitor": "^1.0.12"
      }
    },
    "node_modules/@coooookies/windows-smtc-monitor": {
      "version": "1.0.12",
      "resolved": "https://registry.npmjs.org/@coooookies/windows-smtc-monitor/-/windows-smtc-monitor-1.0.12.tgz",
      "integrity": "sha512-sIubsDCPsnFmR9T1anMgHBVfNxubXTt7mmv3X+ZJWPecwbWAGo41TI3iCzRChCpuLWpEMG3Zoo8n1m2/Hly+XQ==",
      "license": "MIT",
      "engines": {
        "node": ">=16.0.0"
      },
      "optionalDependencies": {
        "@coooookies/windows-smtc-monitor-win32-arm64-msvc": "1.0.12",
        "@coooookies/windows-smtc-monitor-win32-ia32-msvc": "1.0.12",
        "@coooookies/windows-smtc-monitor-win32-x64-msvc": "1.0.12"
      }
    },
    "node_modules/@coooookies/windows-smtc-monitor-win32-arm64-msvc": {
      "version": "1.0.12",
      "resolved": "https://registry.npmjs.org/@coooookies/windows-smtc-monitor-win32-arm64-msvc/-/windows-smtc-monitor-win32-arm64-msvc-1.0.12.tgz",
      "integrity": "sha512-vokTNsUJ3UDWJGFboxIFzGjgyUY89cSySDrm0+Oat1ajBDfaJYCcBohN4K67NcjLfb1Auc06zKmmdlApH9ksjQ==",
      "cpu": [
        "arm64"
      ],
      "license": "MIT",
      "optional": true,
      "os": [
        "win32"
      ],
      "engines": {
        "node": ">=16.0.0"
      }
    },
    "node_modules/@coooookies/windows-smtc-monitor-win32-ia32-msvc": {
      "version": "1.0.12",
      "resolved": "https://registry.npmjs.org/@coooookies/windows-smtc-monitor-win32-ia32-msvc/-/windows-smtc-monitor-win32-ia32-msvc-1.0.12.tgz",
      "integrity": "sha512-iX25W+blahFGTE66pirN36Eq5DMlSrOUPeHkcAd8hB3YWhpHOK9OHXOhuaCIHUNCrfrb2pWOZfjIgpAJs7jyIQ==",
      "cpu": [
        "ia32"
      ],
      "license": "MIT",
      "optional": true,
      "os": [
        "win32"
      ],
      "engines": {
        "node": ">=16.0.0"
      }
    },
    "node_modules/@coooookies/windows-smtc-monitor-win32-x64-msvc": {
      "version": "1.0.12",
      "resolved": "https://registry.npmjs.org/@coooookies/windows-smtc-monitor-win32-x64-msvc/-/windows-smtc-monitor-win32-x64-msvc-1.0.12.tgz",
      "integrity": "sha512-Ktj3p8m/emw1GnptAFuOhoD680DPegLUrUaoOuHiT3obQTa5LCd+W93kSLn8N8C+DwrJsPBEIs0Kg7vUCWXDDw==",
      "cpu": [
        "x64"
      ],
      "license": "MIT",
      "optional": true,
      "os": [
        "win32"
      ],
      "engines": {
        "node": ">=16.0.0"
      }
    }
  }
}
